
Microsoft Visual Studio Solution File, Format Version 12.00
# Visual Studio Version 17
VisualStudioVersion = 17.10.35122.118
MinimumVisualStudioVersion = 10.0.40219.1
Project("{FAE04EC0-301F-11D3-BF4B-00C04F79EFBC}") = "CourseApp", "CourseApp\CourseApp.csproj", "{5431016E-CF9C-4834-8931-EBCE8DAEF63F}"
EndProject
Project("{9A19103F-16F7-4668-BE54-9A1E7A4F7556}") = "UserLibrary", "UserLibrary\UserLibrary.csproj", "{445FF01F-E61A-4553-A05F-E84A17BE8EAA}"
EndProject
Project("{9A19103F-16F7-4668-BE54-9A1E7A4F7556}") = "CourseApi", "CourseApi\CourseApi.csproj", "{C4ACFEB8-5D1E-4A5B-A1DB-E255F6A87831}"
EndProject
Project("{9A19103F-16F7-4668-BE54-9A1E7A4F7556}") = "StudentLibrary", "StudentLibrary\StudentLibrary.csproj", "{935402F2-F002-4422-BE22-B904F0948889}"
EndProject
Project("{9A19103F-16F7-4668-BE54-9A1E7A4F7556}") = "SubjectLibrary", "SubjectLibrary\SubjectLibrary.csproj", "{F5F82390-0286-4A66-9690-6F35C75891C4}"
EndProject
Project("{9A19103F-16F7-4668-BE54-9A1E7A4F7556}") = "SubjectWebApi", "SubjectWebApi\SubjectWebApi.csproj", "{898D3D8A-0F5C-49C1-B93A-F15AE9C9E705}"
EndProject
Project("{9A19103F-16F7-4668-BE54-9A1E7A4F7556}") = "StudentWebApi", "StudentWebApi\StudentWebApi.csproj", "{293A46BA-3CBA-4FF8-875D-9625A1DD14DD}"
EndProject
Project("{FAE04EC0-301F-11D3-BF4B-00C04F79EFBC}") = "StdSubjectLibrary", "StdSubjectLibrary\StdSubjectLibrary.csproj", "{AF12F453-37CB-44FE-B364-67D19B11C33D}"
EndProject
Project("{FAE04EC0-301F-11D3-BF4B-00C04F79EFBC}") = "StdSubjectWebApi", "StdSubjectWebApi\StdSubjectWebApi.csproj", "{99140EB1-AD87-4CBF-980F-D8E0216161CF}"
EndProject
Global
	GlobalSection(SolutionConfigurationPlatforms) = preSolution
		Debug|Any CPU = Debug|Any CPU
		Release|Any CPU = Release|Any CPU
	EndGlobalSection
	GlobalSection(ProjectConfigurationPlatforms) = postSolution
		{5431016E-CF9C-4834-8931-EBCE8DAEF63F}.Debug|Any CPU.ActiveCfg = Debug|Any CPU
		{5431016E-CF9C-4834-8931-EBCE8DAEF63F}.Debug|Any CPU.Build.0 = Debug|Any CPU
		{5431016E-CF9C-4834-8931-EBCE8DAEF63F}.Release|Any CPU.ActiveCfg = Release|Any CPU
		{5431016E-CF9C-4834-8931-EBCE8DAEF63F}.Release|Any CPU.Build.0 = Release|Any CPU
		{445FF01F-E61A-4553-A05F-E84A17BE8EAA}.Debug|Any CPU.ActiveCfg = Debug|Any CPU
		{445FF01F-E61A-4553-A05F-E84A17BE8EAA}.Debug|Any CPU.Build.0 = Debug|Any CPU
		{445FF01F-E61A-4553-A05F-E84A17BE8EAA}.Release|Any CPU.ActiveCfg = Release|Any CPU
		{445FF01F-E61A-4553-A05F-E84A17BE8EAA}.Release|Any CPU.Build.0 = Release|Any CPU
		{C4ACFEB8-5D1E-4A5B-A1DB-E255F6A87831}.Debug|Any CPU.ActiveCfg = Debug|Any CPU
		{C4ACFEB8-5D1E-4A5B-A1DB-E255F6A87831}.Debug|Any CPU.Build.0 = Debug|Any CPU
		{C4ACFEB8-5D1E-4A5B-A1DB-E255F6A87831}.Release|Any CPU.ActiveCfg = Release|Any CPU
		{C4ACFEB8-5D1E-4A5B-A1DB-E255F6A87831}.Release|Any CPU.Build.0 = Release|Any CPU
		{935402F2-F002-4422-BE22-B904F0948889}.Debug|Any CPU.ActiveCfg = Debug|Any CPU
		{935402F2-F002-4422-BE22-B904F0948889}.Debug|Any CPU.Build.0 = Debug|Any CPU
		{935402F2-F002-4422-BE22-B904F0948889}.Release|Any CPU.ActiveCfg = Release|Any CPU
		{935402F2-F002-4422-BE22-B904F0948889}.Release|Any CPU.Build.0 = Release|Any CPU
		{F5F82390-0286-4A66-9690-6F35C75891C4}.Debug|Any CPU.ActiveCfg = Debug|Any CPU
		{F5F82390-0286-4A66-9690-6F35C75891C4}.Debug|Any CPU.Build.0 = Debug|Any CPU
		{F5F82390-0286-4A66-9690-6F35C75891C4}.Release|Any CPU.ActiveCfg = Release|Any CPU
		{F5F82390-0286-4A66-9690-6F35C75891C4}.Release|Any CPU.Build.0 = Release|Any CPU
		{898D3D8A-0F5C-49C1-B93A-F15AE9C9E705}.Debug|Any CPU.ActiveCfg = Debug|Any CPU
		{898D3D8A-0F5C-49C1-B93A-F15AE9C9E705}.Debug|Any CPU.Build.0 = Debug|Any CPU
		{898D3D8A-0F5C-49C1-B93A-F15AE9C9E705}.Release|Any CPU.ActiveCfg = Release|Any CPU
		{898D3D8A-0F5C-49C1-B93A-F15AE9C9E705}.Release|Any CPU.Build.0 = Release|Any CPU
		{293A46BA-3CBA-4FF8-875D-9625A1DD14DD}.Debug|Any CPU.ActiveCfg = Debug|Any CPU
		{293A46BA-3CBA-4FF8-875D-9625A1DD14DD}.Debug|Any CPU.Build.0 = Debug|Any CPU
		{293A46BA-3CBA-4FF8-875D-9625A1DD14DD}.Release|Any CPU.ActiveCfg = Release|Any CPU
		{293A46BA-3CBA-4FF8-875D-9625A1DD14DD}.Release|Any CPU.Build.0 = Release|Any CPU
		{AF12F453-37CB-44FE-B364-67D19B11C33D}.Debug|Any CPU.ActiveCfg = Debug|Any CPU
		{AF12F453-37CB-44FE-B364-67D19B11C33D}.Debug|Any CPU.Build.0 = Debug|Any CPU
		{AF12F453-37CB-44FE-B364-67D19B11C33D}.Release|Any CPU.ActiveCfg = Release|Any CPU
		{AF12F453-37CB-44FE-B364-67D19B11C33D}.Release|Any CPU.Build.0 = Release|Any CPU
		{99140EB1-AD87-4CBF-980F-D8E0216161CF}.Debug|Any CPU.ActiveCfg = Debug|Any CPU
		{99140EB1-AD87-4CBF-980F-D8E0216161CF}.Debug|Any CPU.Build.0 = Debug|Any CPU
		{99140EB1-AD87-4CBF-980F-D8E0216161CF}.Release|Any CPU.ActiveCfg = Release|Any CPU
		{99140EB1-AD87-4CBF-980F-D8E0216161CF}.Release|Any CPU.Build.0 = Release|Any CPU
	EndGlobalSection
	GlobalSection(SolutionProperties) = preSolution
		HideSolutionNode = FALSE
	EndGlobalSection
	GlobalSection(ExtensibilityGlobals) = postSolution
		SolutionGuid = {E7A37F4A-CB44-4ECD-BBD5-AA8050439210}
	EndGlobalSection
EndGlobal
